github.com/dailoi280702/se121/blog-service v0.0.0-20230521124855-2e2f367e5406 h1:t+m4jcrdOn9ErgJNQkYono5yMfPdDzFqy1Hm0+dCI4Y=
github.com/dailoi280702/se121/blog-service v0.0.0-20230521124855-2e2f367e5406/go.mod h1:jzCR8QW/XhiOJ1AL7Uzu6dZESTw9ATD1p6DBNPpshgc=
github.com/dailoi280702/se121/blog-service v0.0.0-20230521151341-5f4174f2d760 h1:Jw0exSZLz7PAhSJpNQ8URVtMkHc2VyVsmvB/4qvSWUQ=
github.com/dailoi280702/se121/blog-service v0.0.0-20230521151341-5f4174f2d760/go.mod h1:WbUpL9WRrLzkr5JkY50LxgeKxqVfmz2SgeQu0BgngnE=
github.com/dailoi280702/se121/car-service v0.0.0-20230521140836-b781d226a231 h1:RXqNIJZ2YtO4SqkF3/wMtIvRB4zqOEDjEv1chTPosXM=
github.com/dailoi280702/se121/car-service v0.0.0-20230521140836-b781d226a231/go.mod h1:z60SWtuBxagYyZFnb0C1CFUBn/gztne2VmwveTxNg6I=
github.com/dailoi280702/se121/car-service v0.0.0-20230521151341-5f4174f2d760 h1:ymQS4vBxO+Ka4gWkX1ZJcxjjnyuYwP4bQrp6G1YXO/c=
github.com/dailoi280702/se121/car-service v0.0.0-20230521151341-5f4174f2d760/go.mod h1:ud2s3zzvKXjxIY4LMMvYyHw4RojjIKKWj+iYk8md/uA=
github.com/dailoi280702/se121/pkg/go v0.0.0-20230521135721-a682645da4cd h1:pAUc47hfwHwIXvBH+CvzHx60vSOOxKE+wk1IiiDzFW0=
github.com/dailoi280702/se121/pkg/go v0.0.0-20230521135721-a682645da4cd/go.mod h1:oxqNpTiyBhvZrJNrPC7kTfenjVdVw/ZwHat7WTBFrOs=
github.com/golang/protobuf v1.5.0/go.mod h1:FsONVRAS9T7sI+LIUmWTfcYkHO4aIWwzhcaSAoJOfIk=
github.com/golang/protobuf v1.5.3 h1:KhyjKVUg7Usr/dYsdSqoFveMYd5ko72D+zANwlG1mmg=
github.com/golang/protobuf v1.5.3/go.mod h1:XVQd3VNwM+JqD3oG2Ue2ip4fOMUkwXdXDdiuN0vRsmY=
github.com/google/go-cmp v0.5.5/go.mod h1:v8dTdLbMG2kIc/vJvl+f65V22dbkXbowE6jgT/gNBxE=
github.com/google/go-cmp v0.5.9 h1:O2Tfq5qg4qc4AmwVlvv0oLiVAGB7enBSJ2x2DqQFi38=
golang.org/x/net v0.8.0 h1:Zrh2ngAOFYneWTAIAPethzeaQLuHwhuBkuV6ZiRnUaQ=
golang.org/x/net v0.8.0/go.mod h1:QVkue5JL9kW//ek3r6jTKnTFis1tRmNAW2P1shuFdJc=
golang.org/x/sys v0.6.0 h1:MVltZSvRTcU2ljQOhs94SXPftV6DCNnZViHeQps87pQ=
golang.org/x/sys v0.6.0/go.mod h1:oPkhp1MJrh7nUepCBck5+mAzfO9JrbApNNgaTdGDITg=
golang.org/x/text v0.8.0 h1:57P1ETyNKtuIjB4SRd15iJxuhj8Gc416Y78H3qgMh68=
golang.org/x/text v0.8.0/go.mod h1:e1OnstbJyHTd6l/uOt8jFFHp6TRDWZR/bV3emEE/zU8=
golang.org/x/xerrors v0.0.0-20191204190536-9bdfabe68543/go.mod h1:I/5z698sn9Ka8TeJc9MKroUUfqBBauWjQqLJ2OPfmY0=
google.golang.org/genproto v0.0.0-20230306155012-7f2fa6fef1f4 h1:DdoeryqhaXp1LtT/emMP1BRJPHHKFi5akj/nbx/zNTA=
google.golang.org/genproto v0.0.0-20230306155012-7f2fa6fef1f4/go.mod h1:NWraEVixdDnqcqQ30jipen1STv2r/n24Wb7twVTGR4s=
google.golang.org/grpc v1.55.0 h1:3Oj82/tFSCeUrRTg/5E/7d/W5A1tj6Ky1ABAuZuv5ag=
google.golang.org/grpc v1.55.0/go.mod h1:iYEXKGkEBhg1PjZQvoYEVPTDkHo1/bjTnfwTeGONTY8=
google.golang.org/protobuf v1.26.0-rc.1/go.mod h1:jlhhOSvTdKEhbULTjvd4ARK9grFBp09yW+WbY/TyQbw=
google.golang.org/protobuf v1.26.0/go.mod h1:9q0QmTI4eRPtz6boOQmLYwt+qCgq0jsYwAQnmE0givc=
google.golang.org/protobuf v1.30.0 h1:kPPoIgf3TsEvrm0PFe15JQ+570QVxYzEvvHqChK+cng=
google.golang.org/protobuf v1.30.0/go.mod h1:HV8QOd/L58Z+nl8r43ehVNZIU/HEI6OcFqwMG9pJV4I=
